
Microsoft Visual Studio Solution File, Format Version 12.00
# Visual Studio Version 17
VisualStudioVersion = 17.14.36603.0
MinimumVisualStudioVersion = 10.0.40219.1
Project("{FAE04EC0-301F-11D3-BF4B-00C04F79EFBC}") = "01. Rectangle of 10 x 10 Stars", "01. Rectangle of 10 x 10 Stars\01. Rectangle of 10 x 10 Stars.csproj", "{8C4A81BB-AF74-423D-8466-37E1D1BC99A0}"
EndProject
Project("{FAE04EC0-301F-11D3-BF4B-00C04F79EFBC}") = "02. Rectangle of N x N Stars", "02. Rectangle of N x N Stars\02. Rectangle of N x N Stars.csproj", "{8A7B280E-63F4-44DA-B76C-8ABA90CDB8F5}"
EndProject
Project("{FAE04EC0-301F-11D3-BF4B-00C04F79EFBC}") = "03. Square of Stars", "03. Square of Stars\03. Square of Stars.csproj", "{A8E91E5E-4CD6-4B2D-ADAD-8DCA70CA0E92}"
EndProject
Project("{FAE04EC0-301F-11D3-BF4B-00C04F79EFBC}") = "04. Triangle of Dollars", "04. Triangle of Dollars\04. Triangle of Dollars.csproj", "{7146CD65-0776-4762-B27F-927CC7741E6D}"
EndProject
Project("{FAE04EC0-301F-11D3-BF4B-00C04F79EFBC}") = "05. Square Frame", "05. Square Frame\05. Square Frame.csproj", "{BE62588E-9E45-4442-8A2D-B8F82DE3E016}"
EndProject
Project("{FAE04EC0-301F-11D3-BF4B-00C04F79EFBC}") = "06. Rhombus of Stars", "06. Rhombus of Stars\06. Rhombus of Stars.csproj", "{FC423EA2-8794-4442-A328-360643697E48}"
EndProject
Project("{FAE04EC0-301F-11D3-BF4B-00C04F79EFBC}") = "07. Christmas Tree", "07. Christmas Tree\07. Christmas Tree.csproj", "{C7AE2538-D1C6-404D-AD16-13F6B0893EBF}"
EndProject
Project("{FAE04EC0-301F-11D3-BF4B-00C04F79EFBC}") = "08. Sunglasses", "08. Sunglasses\08. Sunglasses.csproj", "{071B4967-A7DA-4BDA-8603-C035DB809E86}"
EndProject
Global
	GlobalSection(SolutionConfigurationPlatforms) = preSolution
		Debug|Any CPU = Debug|Any CPU
		Release|Any CPU = Release|Any CPU
	EndGlobalSection
	GlobalSection(ProjectConfigurationPlatforms) = postSolution
		{8C4A81BB-AF74-423D-8466-37E1D1BC99A0}.Debug|Any CPU.ActiveCfg = Debug|Any CPU
		{8C4A81BB-AF74-423D-8466-37E1D1BC99A0}.Debug|Any CPU.Build.0 = Debug|Any CPU
		{8C4A81BB-AF74-423D-8466-37E1D1BC99A0}.Release|Any CPU.ActiveCfg = Release|Any CPU
		{8C4A81BB-AF74-423D-8466-37E1D1BC99A0}.Release|Any CPU.Build.0 = Release|Any CPU
		{8A7B280E-63F4-44DA-B76C-8ABA90CDB8F5}.Debug|Any CPU.ActiveCfg = Debug|Any CPU
		{8A7B280E-63F4-44DA-B76C-8ABA90CDB8F5}.Debug|Any CPU.Build.0 = Debug|Any CPU
		{8A7B280E-63F4-44DA-B76C-8ABA90CDB8F5}.Release|Any CPU.ActiveCfg = Release|Any CPU
		{8A7B280E-63F4-44DA-B76C-8ABA90CDB8F5}.Release|Any CPU.Build.0 = Release|Any CPU
		{A8E91E5E-4CD6-4B2D-ADAD-8DCA70CA0E92}.Debug|Any CPU.ActiveCfg = Debug|Any CPU
		{A8E91E5E-4CD6-4B2D-ADAD-8DCA70CA0E92}.Debug|Any CPU.Build.0 = Debug|Any CPU
		{A8E91E5E-4CD6-4B2D-ADAD-8DCA70CA0E92}.Release|Any CPU.ActiveCfg = Release|Any CPU
		{A8E91E5E-4CD6-4B2D-ADAD-8DCA70CA0E92}.Release|Any CPU.Build.0 = Release|Any CPU
		{7146CD65-0776-4762-B27F-927CC7741E6D}.Debug|Any CPU.ActiveCfg = Debug|Any CPU
		{7146CD65-0776-4762-B27F-927CC7741E6D}.Debug|Any CPU.Build.0 = Debug|Any CPU
		{7146CD65-0776-4762-B27F-927CC7741E6D}.Release|Any CPU.ActiveCfg = Release|Any CPU
		{7146CD65-0776-4762-B27F-927CC7741E6D}.Release|Any CPU.Build.0 = Release|Any CPU
		{BE62588E-9E45-4442-8A2D-B8F82DE3E016}.Debug|Any CPU.ActiveCfg = Debug|Any CPU
		{BE62588E-9E45-4442-8A2D-B8F82DE3E016}.Debug|Any CPU.Build.0 = Debug|Any CPU
		{BE62588E-9E45-4442-8A2D-B8F82DE3E016}.Release|Any CPU.ActiveCfg = Release|Any CPU
		{BE62588E-9E45-4442-8A2D-B8F82DE3E016}.Release|Any CPU.Build.0 = Release|Any CPU
		{FC423EA2-8794-4442-A328-360643697E48}.Debug|Any CPU.ActiveCfg = Debug|Any CPU
		{FC423EA2-8794-4442-A328-360643697E48}.Debug|Any CPU.Build.0 = Debug|Any CPU
		{FC423EA2-8794-4442-A328-360643697E48}.Release|Any CPU.ActiveCfg = Release|Any CPU
		{FC423EA2-8794-4442-A328-360643697E48}.Release|Any CPU.Build.0 = Release|Any CPU
		{C7AE2538-D1C6-404D-AD16-13F6B0893EBF}.Debug|Any CPU.ActiveCfg = Debug|Any CPU
		{C7AE2538-D1C6-404D-AD16-13F6B0893EBF}.Debug|Any CPU.Build.0 = Debug|Any CPU
		{C7AE2538-D1C6-404D-AD16-13F6B0893EBF}.Release|Any CPU.ActiveCfg = Release|Any CPU
		{C7AE2538-D1C6-404D-AD16-13F6B0893EBF}.Release|Any CPU.Build.0 = Release|Any CPU
		{071B4967-A7DA-4BDA-8603-C035DB809E86}.Debug|Any CPU.ActiveCfg = Debug|Any CPU
		{071B4967-A7DA-4BDA-8603-C035DB809E86}.Debug|Any CPU.Build.0 = Debug|Any CPU
		{071B4967-A7DA-4BDA-8603-C035DB809E86}.Release|Any CPU.ActiveCfg = Release|Any CPU
		{071B4967-A7DA-4BDA-8603-C035DB809E86}.Release|Any CPU.Build.0 = Release|Any CPU
	EndGlobalSection
	GlobalSection(SolutionProperties) = preSolution
		HideSolutionNode = FALSE
	EndGlobalSection
	GlobalSection(ExtensibilityGlobals) = postSolution
		SolutionGuid = {8DC548DC-BAA2-4B2A-BC36-FC731BDD535D}
	EndGlobalSection
EndGlobal
